[ "cowboy": {:git, "git://github.com/extend/cowboy.git", "05024529679d1d0203b8dcd6e2932cc2a526d370", []},
  "cowlib": {:git, "git://github.com/extend/cowlib.git", "f58340a0044856bb508df03cfe94cf79308380a2", [ref: "0.6.1"]},
  "decimal": {:git, "git://github.com/ericmj/decimal.git", "626aeb1273949c9c95ef7d4f1f630fb98dccd2af", []},
  "dynamo": {:git, "git://github.com/dynamo/dynamo.git", "ec8669b9fba38de9fbea558c050072aa74f0d831", [branch: "0.13"]},
  "ecto": {:git, "git://github.com/elixir-lang/ecto.git", "f344fa380ac19e0faa8c5ea3a9b59e5d5543fd41", []},
  "gen_smtp": {:git, "git://github.com/Vagabond/gen_smtp.git", "8f7ba01172e679e8b4262334cefc3451b4c36777", []},
  "mime": {:git, "git://github.com/dynamo/mime.git", "db84370c53a67a7e58a4d0cfb026f4edc64a9367", []},
  "mimetypes": {:git, "git://github.com/spawngrid/mimetypes.git", "47d37a977a7d633199822bf6b08353007483d00f", []},
  "plug": {:git, "git://github.com/elixir-lang/plug.git", "952068e0da473243e15c93442b705cd4fa5f8e79", []},
  "poolboy": {:git, "git://github.com/devinus/poolboy.git", "64e1eaef0b1e88849c7e7ba9ff75f8cd4dba2a3b", []},
  "postgrex": {:git, "git://github.com/ericmj/postgrex.git", "7bb042d90d80fcfe396408af77a505173912b153", []},
  "ranch": {:git, "git://github.com/extend/ranch.git", "5df1f222f94e08abdcab7084f5e13027143cc222", [ref: "0.9.0"]} ]
